
Microsoft Visual Studio Solution File, Format Version 12.00
# Visual Studio Version 16
VisualStudioVersion = 16.0.29209.152
MinimumVisualStudioVersion = 10.0.40219.1
Project("{9A19103F-16F7-4668-BE54-9A1E7A4F7556}") = "Shop.Web", "Shop.Web.csproj", "{ABEC1AD7-EA4E-4635-A358-7E0FB29E7CE5}"
EndProject
Global
	GlobalSection(SolutionConfigurationPlatforms) = preSolution
		Debug|Any CPU = Debug|Any CPU
		Release|Any CPU = Release|Any CPU
	EndGlobalSection
	GlobalSection(ProjectConfigurationPlatforms) = postSolution
		{ABEC1AD7-EA4E-4635-A358-7E0FB29E7CE5}.Debug|Any CPU.ActiveCfg = Debug|Any CPU
		{ABEC1AD7-EA4E-4635-A358-7E0FB29E7CE5}.Debug|Any CPU.Build.0 = Debug|Any CPU
		{ABEC1AD7-EA4E-4635-A358-7E0FB29E7CE5}.Release|Any CPU.ActiveCfg = Release|Any CPU
		{ABEC1AD7-EA4E-4635-A358-7E0FB29E7CE5}.Release|Any CPU.Build.0 = Release|Any CPU
	EndGlobalSection
	GlobalSection(SolutionProperties) = preSolution
		HideSolutionNode = FALSE
	EndGlobalSection
	GlobalSection(ExtensibilityGlobals) = postSolution
		SolutionGuid = {4982F2ED-58E6-43F1-AEBD-AFE5B195F8A3}
	EndGlobalSection
EndGlobal
